dependencies:
- name: jupyterhub
  repository: https://jupyterhub.github.io/helm-chart/
  version: 3.1.0
- name: config-overlays
  repository: https://pluralsh.github.io/module-library
  version: 0.1.1
- name: postgres
  repository: https://pluralsh.github.io/module-library
  version: 0.1.16
digest: sha256:8d42c4a3ad4c80f05d754f99ba473d592896f67d4c995c74a02982fa27f17786
generated: "2023-10-05T20:32:43.170885104-07:00"
