dependencies:
- name: jupyterhub
  repository: https://jupyterhub.github.io/helm-chart/
  version: 3.0.3
- name: config-overlays
  repository: https://pluralsh.github.io/module-library
  version: 0.1.1
- name: postgres
  repository: https://pluralsh.github.io/module-library
  version: 0.1.16
digest: sha256:71d0fc184fdfa104277c392edb016e76f33044093fbb2a0fb96ce3a987ff4b90
generated: "2023-10-05T20:46:41.410676126-07:00"
